
Microsoft Visual Studio Solution File, Format Version 12.00
# Visual Studio Version 17
VisualStudioVersion = 17.9.34714.143
MinimumVisualStudioVersion = 10.0.40219.1
Project("{FAE04EC0-301F-11D3-BF4B-00C04F79EFBC}") = "ejercicio5Ficheros", "ejercicio5Ficheros.csproj", "{FC93A3F4-F86D-4BFD-B652-5E269A7358A7}"
EndProject
Global
	GlobalSection(SolutionConfigurationPlatforms) = preSolution
		Debug|Any CPU = Debug|Any CPU
		Release|Any CPU = Release|Any CPU
	EndGlobalSection
	GlobalSection(ProjectConfigurationPlatforms) = postSolution
		{FC93A3F4-F86D-4BFD-B652-5E269A7358A7}.Debug|Any CPU.ActiveCfg = Debug|Any CPU
		{FC93A3F4-F86D-4BFD-B652-5E269A7358A7}.Debug|Any CPU.Build.0 = Debug|Any CPU
		{FC93A3F4-F86D-4BFD-B652-5E269A7358A7}.Release|Any CPU.ActiveCfg = Release|Any CPU
		{FC93A3F4-F86D-4BFD-B652-5E269A7358A7}.Release|Any CPU.Build.0 = Release|Any CPU
	EndGlobalSection
	GlobalSection(SolutionProperties) = preSolution
		HideSolutionNode = FALSE
	EndGlobalSection
	GlobalSection(ExtensibilityGlobals) = postSolution
		SolutionGuid = {27EB97D5-A528-4474-886C-4305DB0907AA}
	EndGlobalSection
EndGlobal
